
Microsoft Visual Studio Solution File, Format Version 12.00
# Visual Studio Version 17
VisualStudioVersion = 17.13.35806.99
MinimumVisualStudioVersion = 10.0.40219.1
Project("{FAE04EC0-301F-11D3-BF4B-00C04F79EFBC}") = "RPSApi", "RPSApi\RPSApi.csproj", "{6B1B93CD-342C-4E4E-950A-497B66DBA53C}"
EndProject
Project("{FAE04EC0-301F-11D3-BF4B-00C04F79EFBC}") = "BusinessLogic", "BusinessLogic\BusinessLogic.csproj", "{7BE52894-3375-4465-B341-0E6330F5C943}"
EndProject
Project("{FAE04EC0-301F-11D3-BF4B-00C04F79EFBC}") = "Calculator", "Calculator\Calculator.csproj", "{9DEECBA8-83B2-4EEC-B92E-4C66A5449A5D}"
EndProject
Project("{FAE04EC0-301F-11D3-BF4B-00C04F79EFBC}") = "BooksApi", "BooksApi\BooksApi.csproj", "{B075CEF9-2AC7-4630-9966-71B4A14F2701}"
EndProject
Project("{FAE04EC0-301F-11D3-BF4B-00C04F79EFBC}") = "UnitConversionApi", "UnitConversionApi\UnitConversionApi.csproj", "{94079C35-7071-4D0B-A9C8-ABDD41591FE2}"
EndProject
Project("{FAE04EC0-301F-11D3-BF4B-00C04F79EFBC}") = "ToDoApi", "ToDoApi\ToDoApi.csproj", "{FACE7D9D-2BB2-40AF-A7C0-544A225459FB}"
EndProject
Project("{FAE04EC0-301F-11D3-BF4B-00C04F79EFBC}") = "MovieReviewApi", "MovieReviewApi\MovieReviewApi.csproj", "{C5A3CD86-27E4-4715-85D0-DF4FFA0C06EA}"
EndProject
Global
	GlobalSection(SolutionConfigurationPlatforms) = preSolution
		Debug|Any CPU = Debug|Any CPU
		Release|Any CPU = Release|Any CPU
	EndGlobalSection
	GlobalSection(ProjectConfigurationPlatforms) = postSolution
		{6B1B93CD-342C-4E4E-950A-497B66DBA53C}.Debug|Any CPU.ActiveCfg = Debug|Any CPU
		{6B1B93CD-342C-4E4E-950A-497B66DBA53C}.Debug|Any CPU.Build.0 = Debug|Any CPU
		{6B1B93CD-342C-4E4E-950A-497B66DBA53C}.Release|Any CPU.ActiveCfg = Release|Any CPU
		{6B1B93CD-342C-4E4E-950A-497B66DBA53C}.Release|Any CPU.Build.0 = Release|Any CPU
		{7BE52894-3375-4465-B341-0E6330F5C943}.Debug|Any CPU.ActiveCfg = Debug|Any CPU
		{7BE52894-3375-4465-B341-0E6330F5C943}.Debug|Any CPU.Build.0 = Debug|Any CPU
		{7BE52894-3375-4465-B341-0E6330F5C943}.Release|Any CPU.ActiveCfg = Release|Any CPU
		{7BE52894-3375-4465-B341-0E6330F5C943}.Release|Any CPU.Build.0 = Release|Any CPU
		{9DEECBA8-83B2-4EEC-B92E-4C66A5449A5D}.Debug|Any CPU.ActiveCfg = Debug|Any CPU
		{9DEECBA8-83B2-4EEC-B92E-4C66A5449A5D}.Debug|Any CPU.Build.0 = Debug|Any CPU
		{9DEECBA8-83B2-4EEC-B92E-4C66A5449A5D}.Release|Any CPU.ActiveCfg = Release|Any CPU
		{9DEECBA8-83B2-4EEC-B92E-4C66A5449A5D}.Release|Any CPU.Build.0 = Release|Any CPU
		{B075CEF9-2AC7-4630-9966-71B4A14F2701}.Debug|Any CPU.ActiveCfg = Debug|Any CPU
		{B075CEF9-2AC7-4630-9966-71B4A14F2701}.Debug|Any CPU.Build.0 = Debug|Any CPU
		{B075CEF9-2AC7-4630-9966-71B4A14F2701}.Release|Any CPU.ActiveCfg = Release|Any CPU
		{B075CEF9-2AC7-4630-9966-71B4A14F2701}.Release|Any CPU.Build.0 = Release|Any CPU
		{94079C35-7071-4D0B-A9C8-ABDD41591FE2}.Debug|Any CPU.ActiveCfg = Debug|Any CPU
		{94079C35-7071-4D0B-A9C8-ABDD41591FE2}.Debug|Any CPU.Build.0 = Debug|Any CPU
		{94079C35-7071-4D0B-A9C8-ABDD41591FE2}.Release|Any CPU.ActiveCfg = Release|Any CPU
		{94079C35-7071-4D0B-A9C8-ABDD41591FE2}.Release|Any CPU.Build.0 = Release|Any CPU
		{FACE7D9D-2BB2-40AF-A7C0-544A225459FB}.Debug|Any CPU.ActiveCfg = Debug|Any CPU
		{FACE7D9D-2BB2-40AF-A7C0-544A225459FB}.Debug|Any CPU.Build.0 = Debug|Any CPU
		{FACE7D9D-2BB2-40AF-A7C0-544A225459FB}.Release|Any CPU.ActiveCfg = Release|Any CPU
		{FACE7D9D-2BB2-40AF-A7C0-544A225459FB}.Release|Any CPU.Build.0 = Release|Any CPU
		{C5A3CD86-27E4-4715-85D0-DF4FFA0C06EA}.Debug|Any CPU.ActiveCfg = Debug|Any CPU
		{C5A3CD86-27E4-4715-85D0-DF4FFA0C06EA}.Debug|Any CPU.Build.0 = Debug|Any CPU
		{C5A3CD86-27E4-4715-85D0-DF4FFA0C06EA}.Release|Any CPU.ActiveCfg = Release|Any CPU
		{C5A3CD86-27E4-4715-85D0-DF4FFA0C06EA}.Release|Any CPU.Build.0 = Release|Any CPU
	EndGlobalSection
	GlobalSection(SolutionProperties) = preSolution
		HideSolutionNode = FALSE
	EndGlobalSection
	GlobalSection(ExtensibilityGlobals) = postSolution
		SolutionGuid = {8C49B092-B03B-4115-80FE-82C59E7C8639}
	EndGlobalSection
EndGlobal
