
Microsoft Visual Studio Solution File, Format Version 12.00
# Visual Studio Version 17
VisualStudioVersion = 17.13.35806.99
MinimumVisualStudioVersion = 10.0.40219.1
Project("{FAE04EC0-301F-11D3-BF4B-00C04F79EFBC}") = "CrudApp.Api", "CrudApp.Api\CrudApp.Api.csproj", "{274A0704-94A5-4BE1-AB8B-FEAB49FFC26A}"
EndProject
Project("{FAE04EC0-301F-11D3-BF4B-00C04F79EFBC}") = "RPSApi", "RPSApi\RPSApi.csproj", "{6B1B93CD-342C-4E4E-950A-497B66DBA53C}"
EndProject
Global
	GlobalSection(SolutionConfigurationPlatforms) = preSolution
		Debug|Any CPU = Debug|Any CPU
		Release|Any CPU = Release|Any CPU
	EndGlobalSection
	GlobalSection(ProjectConfigurationPlatforms) = postSolution
		{274A0704-94A5-4BE1-AB8B-FEAB49FFC26A}.Debug|Any CPU.ActiveCfg = Debug|Any CPU
		{274A0704-94A5-4BE1-AB8B-FEAB49FFC26A}.Debug|Any CPU.Build.0 = Debug|Any CPU
		{274A0704-94A5-4BE1-AB8B-FEAB49FFC26A}.Release|Any CPU.ActiveCfg = Release|Any CPU
		{274A0704-94A5-4BE1-AB8B-FEAB49FFC26A}.Release|Any CPU.Build.0 = Release|Any CPU
		{6B1B93CD-342C-4E4E-950A-497B66DBA53C}.Debug|Any CPU.ActiveCfg = Debug|Any CPU
		{6B1B93CD-342C-4E4E-950A-497B66DBA53C}.Debug|Any CPU.Build.0 = Debug|Any CPU
		{6B1B93CD-342C-4E4E-950A-497B66DBA53C}.Release|Any CPU.ActiveCfg = Release|Any CPU
		{6B1B93CD-342C-4E4E-950A-497B66DBA53C}.Release|Any CPU.Build.0 = Release|Any CPU
	EndGlobalSection
	GlobalSection(SolutionProperties) = preSolution
		HideSolutionNode = FALSE
	EndGlobalSection
	GlobalSection(ExtensibilityGlobals) = postSolution
		SolutionGuid = {8C49B092-B03B-4115-80FE-82C59E7C8639}
	EndGlobalSection
EndGlobal
